
Microsoft Visual Studio Solution File, Format Version 12.00
# Visual Studio Version 17
VisualStudioVersion = 17.8.34330.188
MinimumVisualStudioVersion = 10.0.40219.1
Project("{FAE04EC0-301F-11D3-BF4B-00C04F79EFBC}") = "ConsoleApp1", "ConsoleApp1.csproj", "{04DFB29F-BABD-4D4B-8C11-CA7122BC097A}"
EndProject
Global
	GlobalSection(SolutionConfigurationPlatforms) = preSolution
		Debug|Any CPU = Debug|Any CPU
		Release|Any CPU = Release|Any CPU
	EndGlobalSection
	GlobalSection(ProjectConfigurationPlatforms) = postSolution
		{04DFB29F-BABD-4D4B-8C11-CA7122BC097A}.Debug|Any CPU.ActiveCfg = Debug|Any CPU
		{04DFB29F-BABD-4D4B-8C11-CA7122BC097A}.Debug|Any CPU.Build.0 = Debug|Any CPU
		{04DFB29F-BABD-4D4B-8C11-CA7122BC097A}.Release|Any CPU.ActiveCfg = Release|Any CPU
		{04DFB29F-BABD-4D4B-8C11-CA7122BC097A}.Release|Any CPU.Build.0 = Release|Any CPU
	EndGlobalSection
	GlobalSection(SolutionProperties) = preSolution
		HideSolutionNode = FALSE
	EndGlobalSection
	GlobalSection(ExtensibilityGlobals) = postSolution
		SolutionGuid = {E33E2FD1-784E-4826-A509-F0352E6C76B6}
	EndGlobalSection
EndGlobal
